
Microsoft Visual Studio Solution File, Format Version 12.00
# Visual Studio 2017
Project("{FAE04EC0-301F-11D3-BF4B-00C04F79EFBC}") = "AR tutorial smartphone", "AR tutorial smartphone.csproj", "{90CDC1BB-7105-CCBC-A4F2-D20187856190}"
EndProject
Global
	GlobalSection(SolutionConfigurationPlatforms) = preSolution
		Debug|Any CPU = Debug|Any CPU
		Release|Any CPU = Release|Any CPU
	EndGlobalSection
	GlobalSection(ProjectConfigurationPlatforms) = postSolution
		{90CDC1BB-7105-CCBC-A4F2-D20187856190}.Debug|Any CPU.ActiveCfg = Debug|Any CPU
		{90CDC1BB-7105-CCBC-A4F2-D20187856190}.Debug|Any CPU.Build.0 = Debug|Any CPU
		{90CDC1BB-7105-CCBC-A4F2-D20187856190}.Release|Any CPU.ActiveCfg = Release|Any CPU
		{90CDC1BB-7105-CCBC-A4F2-D20187856190}.Release|Any CPU.Build.0 = Release|Any CPU
	EndGlobalSection
	GlobalSection(SolutionProperties) = preSolution
		HideSolutionNode = FALSE
	EndGlobalSection
EndGlobal
